
Microsoft Visual Studio Solution File, Format Version 12.00
# Visual Studio Version 16
VisualStudioVersion = 16.0.30611.23
MinimumVisualStudioVersion = 10.0.40219.1
Project("{2150E333-8FDC-42A3-9474-1A3956D46DE8}") = "src", "src", "{AAAAAAAA-AAAA-AAAA-AAAA-AAAAAAAAAAAA}"
EndProject
Project("{2150E333-8FDC-42A3-9474-1A3956D46DE8}") = "Domain", "Domain", "{D0A11111-1111-4111-8111-111111111111}"
EndProject
Project("{2150E333-8FDC-42A3-9474-1A3956D46DE8}") = "Application", "Application", "{D0A22222-2222-4222-8222-222222222222}"
EndProject
Project("{2150E333-8FDC-42A3-9474-1A3956D46DE8}") = "Infrastructure", "Infrastructure", "{D0A33333-3333-4333-8333-333333333333}"
EndProject
Project("{2150E333-8FDC-42A3-9474-1A3956D46DE8}") = "Web", "Web", "{D0A44444-4444-4444-8444-444444444444}"
EndProject
Project("{2150E333-8FDC-42A3-9474-1A3956D46DE8}") = "Tests", "Tests", "{BBBBBBBB-BBBB-BBBB-BBBB-BBBBBBBBBBBB}"
EndProject
Project("{9A19103F-16F7-4668-BE54-9A1E7A4F7556}") = "TaskManagement.Domain", "src\TaskManagement.Domain\TaskManagement.Domain.csproj", "{E95A7667-7886-4968-93A3-87994BE775C3}"
EndProject
Project("{9A19103F-16F7-4668-BE54-9A1E7A4F7556}") = "TaskManagement.Application", "src\TaskManagement.Application\TaskManagement.Application.csproj", "{A6612F24-18A4-450C-B90B-338F88CDCF05}"
EndProject
Project("{9A19103F-16F7-4668-BE54-9A1E7A4F7556}") = "TaskManagement.Infrastructure", "src\TaskManagement.Infrastructure\TaskManagement.Infrastructure.csproj", "{7EAE4981-DF89-4B33-944B-BC2AC3D93AD7}"
EndProject
Project("{9A19103F-16F7-4668-BE54-9A1E7A4F7556}") = "TaskManagement.WebAPI", "src\TaskManagement.WebAPI\TaskManagement.WebAPI.csproj", "{CD851391-6A8D-4E59-81EF-30315DD1877B}"
EndProject
Project("{9A19103F-16F7-4668-BE54-9A1E7A4F7556}") = "TaskManagement.Domain.Tests", "src\TaskManagement.Tests\TaskManagement.Domain.Tests\TaskManagement.Domain.Tests.csproj", "{B1E2F3A4-5C6D-7E8F-9A0B-1C2D3E4F5A6B}"
EndProject
Project("{FAE04EC0-301F-11D3-BF4B-00C04F79EFBC}") = "TaskManagement.Application.Tests", "src\TaskManagement.Tests\TaskManagement.Application.Tests\TaskManagement.Application.Tests.csproj", "{BA81A9C4-8100-445C-86FF-A42151AD86B7}"
EndProject
Project("{FAE04EC0-301F-11D3-BF4B-00C04F79EFBC}") = "TaskManagement.Infrastructure.Tests", "src\TaskManagement.Tests\TaskManagement.Infrastructure.Tests\TaskManagement.Infrastructure.Tests.csproj", "{C4D5E6F7-8091-4253-B364-D4758697A8B9}"
EndProject
Project("{FAE04EC0-301F-11D3-BF4B-00C04F79EFBC}") = "TaskManagement.WebAPI.Tests", "src\TaskManagement.Tests\TaskManagement.WebAPI.Tests\TaskManagement.WebAPI.Tests.csproj", "{B3AFEC0B-71E1-420A-B075-C25366A0F8A3}"
EndProject
Global
	GlobalSection(SolutionConfigurationPlatforms) = preSolution
		Debug|Any CPU = Debug|Any CPU
		Debug|x64 = Debug|x64
		Debug|x86 = Debug|x86
		Release|Any CPU = Release|Any CPU
		Release|x64 = Release|x64
		Release|x86 = Release|x86
	EndGlobalSection
	GlobalSection(ProjectConfigurationPlatforms) = postSolution
		{E95A7667-7886-4968-93A3-87994BE775C3}.Debug|Any CPU.ActiveCfg = Debug|Any CPU
		{E95A7667-7886-4968-93A3-87994BE775C3}.Debug|Any CPU.Build.0 = Debug|Any CPU
		{E95A7667-7886-4968-93A3-87994BE775C3}.Debug|x64.ActiveCfg = Debug|Any CPU
		{E95A7667-7886-4968-93A3-87994BE775C3}.Debug|x64.Build.0 = Debug|Any CPU
		{E95A7667-7886-4968-93A3-87994BE775C3}.Debug|x86.ActiveCfg = Debug|Any CPU
		{E95A7667-7886-4968-93A3-87994BE775C3}.Debug|x86.Build.0 = Debug|Any CPU
		{E95A7667-7886-4968-93A3-87994BE775C3}.Release|Any CPU.ActiveCfg = Release|Any CPU
		{E95A7667-7886-4968-93A3-87994BE775C3}.Release|Any CPU.Build.0 = Release|Any CPU
		{E95A7667-7886-4968-93A3-87994BE775C3}.Release|x64.ActiveCfg = Release|Any CPU
		{E95A7667-7886-4968-93A3-87994BE775C3}.Release|x64.Build.0 = Release|Any CPU
		{E95A7667-7886-4968-93A3-87994BE775C3}.Release|x86.ActiveCfg = Release|Any CPU
		{E95A7667-7886-4968-93A3-87994BE775C3}.Release|x86.Build.0 = Release|Any CPU
		{A6612F24-18A4-450C-B90B-338F88CDCF05}.Debug|Any CPU.ActiveCfg = Debug|Any CPU
		{A6612F24-18A4-450C-B90B-338F88CDCF05}.Debug|Any CPU.Build.0 = Debug|Any CPU
		{A6612F24-18A4-450C-B90B-338F88CDCF05}.Debug|x64.ActiveCfg = Debug|Any CPU
		{A6612F24-18A4-450C-B90B-338F88CDCF05}.Debug|x64.Build.0 = Debug|Any CPU
		{A6612F24-18A4-450C-B90B-338F88CDCF05}.Debug|x86.ActiveCfg = Debug|Any CPU
		{A6612F24-18A4-450C-B90B-338F88CDCF05}.Debug|x86.Build.0 = Debug|Any CPU
		{A6612F24-18A4-450C-B90B-338F88CDCF05}.Release|Any CPU.ActiveCfg = Release|Any CPU
		{A6612F24-18A4-450C-B90B-338F88CDCF05}.Release|Any CPU.Build.0 = Release|Any CPU
		{A6612F24-18A4-450C-B90B-338F88CDCF05}.Release|x64.ActiveCfg = Release|Any CPU
		{A6612F24-18A4-450C-B90B-338F88CDCF05}.Release|x64.Build.0 = Release|Any CPU
		{A6612F24-18A4-450C-B90B-338F88CDCF05}.Release|x86.ActiveCfg = Release|Any CPU
		{A6612F24-18A4-450C-B90B-338F88CDCF05}.Release|x86.Build.0 = Release|Any CPU
		{7EAE4981-DF89-4B33-944B-BC2AC3D93AD7}.Debug|Any CPU.ActiveCfg = Debug|Any CPU
		{7EAE4981-DF89-4B33-944B-BC2AC3D93AD7}.Debug|Any CPU.Build.0 = Debug|Any CPU
		{7EAE4981-DF89-4B33-944B-BC2AC3D93AD7}.Debug|x64.ActiveCfg = Debug|Any CPU
		{7EAE4981-DF89-4B33-944B-BC2AC3D93AD7}.Debug|x64.Build.0 = Debug|Any CPU
		{7EAE4981-DF89-4B33-944B-BC2AC3D93AD7}.Debug|x86.ActiveCfg = Debug|Any CPU
		{7EAE4981-DF89-4B33-944B-BC2AC3D93AD7}.Debug|x86.Build.0 = Debug|Any CPU
		{7EAE4981-DF89-4B33-944B-BC2AC3D93AD7}.Release|Any CPU.ActiveCfg = Release|Any CPU
		{7EAE4981-DF89-4B33-944B-BC2AC3D93AD7}.Release|Any CPU.Build.0 = Release|Any CPU
		{7EAE4981-DF89-4B33-944B-BC2AC3D93AD7}.Release|x64.ActiveCfg = Release|Any CPU
		{7EAE4981-DF89-4B33-944B-BC2AC3D93AD7}.Release|x64.Build.0 = Release|Any CPU
		{7EAE4981-DF89-4B33-944B-BC2AC3D93AD7}.Release|x86.ActiveCfg = Release|Any CPU
		{7EAE4981-DF89-4B33-944B-BC2AC3D93AD7}.Release|x86.Build.0 = Release|Any CPU
		{CD851391-6A8D-4E59-81EF-30315DD1877B}.Debug|Any CPU.ActiveCfg = Debug|Any CPU
		{CD851391-6A8D-4E59-81EF-30315DD1877B}.Debug|Any CPU.Build.0 = Debug|Any CPU
		{CD851391-6A8D-4E59-81EF-30315DD1877B}.Debug|x64.ActiveCfg = Debug|Any CPU
		{CD851391-6A8D-4E59-81EF-30315DD1877B}.Debug|x64.Build.0 = Debug|Any CPU
		{CD851391-6A8D-4E59-81EF-30315DD1877B}.Debug|x86.ActiveCfg = Debug|Any CPU
		{CD851391-6A8D-4E59-81EF-30315DD1877B}.Debug|x86.Build.0 = Debug|Any CPU
		{CD851391-6A8D-4E59-81EF-30315DD1877B}.Release|Any CPU.ActiveCfg = Release|Any CPU
		{CD851391-6A8D-4E59-81EF-30315DD1877B}.Release|Any CPU.Build.0 = Release|Any CPU
		{CD851391-6A8D-4E59-81EF-30315DD1877B}.Release|x64.ActiveCfg = Release|Any CPU
		{CD851391-6A8D-4E59-81EF-30315DD1877B}.Release|x64.Build.0 = Release|Any CPU
		{CD851391-6A8D-4E59-81EF-30315DD1877B}.Release|x86.ActiveCfg = Release|Any CPU
		{CD851391-6A8D-4E59-81EF-30315DD1877B}.Release|x86.Build.0 = Release|Any CPU
		{B1E2F3A4-5C6D-7E8F-9A0B-1C2D3E4F5A6B}.Debug|Any CPU.ActiveCfg = Debug|Any CPU
		{B1E2F3A4-5C6D-7E8F-9A0B-1C2D3E4F5A6B}.Debug|Any CPU.Build.0 = Debug|Any CPU
		{B1E2F3A4-5C6D-7E8F-9A0B-1C2D3E4F5A6B}.Debug|x64.ActiveCfg = Debug|Any CPU
		{B1E2F3A4-5C6D-7E8F-9A0B-1C2D3E4F5A6B}.Debug|x64.Build.0 = Debug|Any CPU
		{B1E2F3A4-5C6D-7E8F-9A0B-1C2D3E4F5A6B}.Debug|x86.ActiveCfg = Debug|Any CPU
		{B1E2F3A4-5C6D-7E8F-9A0B-1C2D3E4F5A6B}.Debug|x86.Build.0 = Debug|Any CPU
		{B1E2F3A4-5C6D-7E8F-9A0B-1C2D3E4F5A6B}.Release|Any CPU.ActiveCfg = Release|Any CPU
		{B1E2F3A4-5C6D-7E8F-9A0B-1C2D3E4F5A6B}.Release|Any CPU.Build.0 = Release|Any CPU
		{B1E2F3A4-5C6D-7E8F-9A0B-1C2D3E4F5A6B}.Release|x64.ActiveCfg = Release|Any CPU
		{B1E2F3A4-5C6D-7E8F-9A0B-1C2D3E4F5A6B}.Release|x64.Build.0 = Release|Any CPU
		{B1E2F3A4-5C6D-7E8F-9A0B-1C2D3E4F5A6B}.Release|x86.ActiveCfg = Release|Any CPU
		{B1E2F3A4-5C6D-7E8F-9A0B-1C2D3E4F5A6B}.Release|x86.Build.0 = Release|Any CPU
		{BA81A9C4-8100-445C-86FF-A42151AD86B7}.Debug|Any CPU.ActiveCfg = Debug|Any CPU
		{BA81A9C4-8100-445C-86FF-A42151AD86B7}.Debug|Any CPU.Build.0 = Debug|Any CPU
		{BA81A9C4-8100-445C-86FF-A42151AD86B7}.Debug|x64.ActiveCfg = Debug|Any CPU
		{BA81A9C4-8100-445C-86FF-A42151AD86B7}.Debug|x64.Build.0 = Debug|Any CPU
		{BA81A9C4-8100-445C-86FF-A42151AD86B7}.Debug|x86.ActiveCfg = Debug|Any CPU
		{BA81A9C4-8100-445C-86FF-A42151AD86B7}.Debug|x86.Build.0 = Debug|Any CPU
		{BA81A9C4-8100-445C-86FF-A42151AD86B7}.Release|Any CPU.ActiveCfg = Release|Any CPU
		{BA81A9C4-8100-445C-86FF-A42151AD86B7}.Release|Any CPU.Build.0 = Release|Any CPU
		{BA81A9C4-8100-445C-86FF-A42151AD86B7}.Release|x64.ActiveCfg = Release|Any CPU
		{BA81A9C4-8100-445C-86FF-A42151AD86B7}.Release|x64.Build.0 = Release|Any CPU
		{BA81A9C4-8100-445C-86FF-A42151AD86B7}.Release|x86.ActiveCfg = Release|Any CPU
		{BA81A9C4-8100-445C-86FF-A42151AD86B7}.Release|x86.Build.0 = Release|Any CPU
		{C4D5E6F7-8091-4253-B364-D4758697A8B9}.Debug|Any CPU.ActiveCfg = Debug|Any CPU
		{C4D5E6F7-8091-4253-B364-D4758697A8B9}.Debug|Any CPU.Build.0 = Debug|Any CPU
		{C4D5E6F7-8091-4253-B364-D4758697A8B9}.Debug|x64.ActiveCfg = Debug|Any CPU
		{C4D5E6F7-8091-4253-B364-D4758697A8B9}.Debug|x64.Build.0 = Debug|Any CPU
		{C4D5E6F7-8091-4253-B364-D4758697A8B9}.Debug|x86.ActiveCfg = Debug|Any CPU
		{C4D5E6F7-8091-4253-B364-D4758697A8B9}.Debug|x86.Build.0 = Debug|Any CPU
		{C4D5E6F7-8091-4253-B364-D4758697A8B9}.Release|Any CPU.ActiveCfg = Release|Any CPU
		{C4D5E6F7-8091-4253-B364-D4758697A8B9}.Release|Any CPU.Build.0 = Release|Any CPU
		{C4D5E6F7-8091-4253-B364-D4758697A8B9}.Release|x64.ActiveCfg = Release|Any CPU
		{C4D5E6F7-8091-4253-B364-D4758697A8B9}.Release|x64.Build.0 = Release|Any CPU
		{C4D5E6F7-8091-4253-B364-D4758697A8B9}.Release|x86.ActiveCfg = Release|Any CPU
		{C4D5E6F7-8091-4253-B364-D4758697A8B9}.Release|x86.Build.0 = Release|Any CPU
		{B3AFEC0B-71E1-420A-B075-C25366A0F8A3}.Debug|Any CPU.ActiveCfg = Debug|Any CPU
		{B3AFEC0B-71E1-420A-B075-C25366A0F8A3}.Debug|Any CPU.Build.0 = Debug|Any CPU
		{B3AFEC0B-71E1-420A-B075-C25366A0F8A3}.Debug|x64.ActiveCfg = Debug|Any CPU
		{B3AFEC0B-71E1-420A-B075-C25366A0F8A3}.Debug|x64.Build.0 = Debug|Any CPU
		{B3AFEC0B-71E1-420A-B075-C25366A0F8A3}.Debug|x86.ActiveCfg = Debug|Any CPU
		{B3AFEC0B-71E1-420A-B075-C25366A0F8A3}.Debug|x86.Build.0 = Debug|Any CPU
		{B3AFEC0B-71E1-420A-B075-C25366A0F8A3}.Release|Any CPU.ActiveCfg = Release|Any CPU
		{B3AFEC0B-71E1-420A-B075-C25366A0F8A3}.Release|Any CPU.Build.0 = Release|Any CPU
		{B3AFEC0B-71E1-420A-B075-C25366A0F8A3}.Release|x64.ActiveCfg = Release|Any CPU
		{B3AFEC0B-71E1-420A-B075-C25366A0F8A3}.Release|x64.Build.0 = Release|Any CPU
		{B3AFEC0B-71E1-420A-B075-C25366A0F8A3}.Release|x86.ActiveCfg = Release|Any CPU
		{B3AFEC0B-71E1-420A-B075-C25366A0F8A3}.Release|x86.Build.0 = Release|Any CPU
	EndGlobalSection
	GlobalSection(SolutionProperties) = preSolution
		HideSolutionNode = FALSE
	EndGlobalSection
	GlobalSection(NestedProjects) = preSolution
		{D0A11111-1111-4111-8111-111111111111} = {AAAAAAAA-AAAA-AAAA-AAAA-AAAAAAAAAAAA}
		{D0A22222-2222-4222-8222-222222222222} = {AAAAAAAA-AAAA-AAAA-AAAA-AAAAAAAAAAAA}
		{D0A33333-3333-4333-8333-333333333333} = {AAAAAAAA-AAAA-AAAA-AAAA-AAAAAAAAAAAA}
		{D0A44444-4444-4444-8444-444444444444} = {AAAAAAAA-AAAA-AAAA-AAAA-AAAAAAAAAAAA}
		{E95A7667-7886-4968-93A3-87994BE775C3} = {D0A11111-1111-4111-8111-111111111111}
		{A6612F24-18A4-450C-B90B-338F88CDCF05} = {D0A22222-2222-4222-8222-222222222222}
		{7EAE4981-DF89-4B33-944B-BC2AC3D93AD7} = {D0A33333-3333-4333-8333-333333333333}
		{CD851391-6A8D-4E59-81EF-30315DD1877B} = {D0A44444-4444-4444-8444-444444444444}
		{B1E2F3A4-5C6D-7E8F-9A0B-1C2D3E4F5A6B} = {BBBBBBBB-BBBB-BBBB-BBBB-BBBBBBBBBBBB}
		{BA81A9C4-8100-445C-86FF-A42151AD86B7} = {BBBBBBBB-BBBB-BBBB-BBBB-BBBBBBBBBBBB}
		{C4D5E6F7-8091-4253-B364-D4758697A8B9} = {BBBBBBBB-BBBB-BBBB-BBBB-BBBBBBBBBBBB}
		{B3AFEC0B-71E1-420A-B075-C25366A0F8A3} = {BBBBBBBB-BBBB-BBBB-BBBB-BBBBBBBBBBBB}
	EndGlobalSection
	GlobalSection(ExtensibilityGlobals) = postSolution
		SolutionGuid = {9A9C1F74-ECC1-4616-A719-35B9A83C43DF}
	EndGlobalSection
EndGlobal
